<?xml version="1.0" encoding="UTF-8" standalone="yes" ?>
<CodeBlocks_project_file>
	<FileVersion major="1" minor="6" />
	<Project>
		<Option title="olderConnectomeModel" />
		<Option pch_mode="2" />
		<Option compiler="gcc" />
		<Build>
			<Target title="Debug">
				<Option output="bin/Debug/olderConnectomeModel" prefix_auto="1" extension_auto="1" />
				<Option object_output="obj/Debug/" />
				<Option type="1" />
				<Option compiler="gcc" />
				<Compiler>
					<Add option="-g" />
				</Compiler>
			</Target>
			<Target title="Release">
				<Option output="bin/Release/olderConnectomeModel" prefix_auto="1" extension_auto="1" />
				<Option object_output="obj/Release/" />
				<Option type="1" />
				<Option compiler="gcc" />
				<Compiler>
					<Add option="-O2" />
				</Compiler>
				<Linker>
					<Add option="-s" />
				</Linker>
			</Target>
		</Build>
		<Compiler>
			<Add option="-Wall" />
		</Compiler>
		<Unit filename="../cellularMatrixData.txt" />
		<Unit filename="../connectome.cpp" />
		<Unit filename="../connectome.h" />
		<Unit filename="../motorOutputs.txt" />
		<Unit filename="../neuronIO.cpp" />
		<Unit filename="../neuronIO.h" />
		<Unit filename="../neurons.cpp" />
		<Unit filename="../neurons.h" />
		<Unit filename="../runConnectome.cpp" />
		<Unit filename="../sensoryInputs.txt" />
		<Extensions>
			<lib_finder disable_auto="1" />
		</Extensions>
	</Project>
</CodeBlocks_project_file>
